
Microsoft Visual Studio Solution File, Format Version 12.00
# Visual Studio Version 16
VisualStudioVersion = 16.0.29102.190
MinimumVisualStudioVersion = 10.0.40219.1
Project("{FAE04EC0-301F-11D3-BF4B-00C04F79EFBC}") = "TEST_170819", "TEST_170819\TEST_170819.csproj", "{967CFFE0-8295-4B4B-8230-811170360821}"
EndProject
Global
	GlobalSection(SolutionConfigurationPlatforms) = preSolution
		Debug|Any CPU = Debug|Any CPU
		Release|Any CPU = Release|Any CPU
	EndGlobalSection
	GlobalSection(ProjectConfigurationPlatforms) = postSolution
		{967CFFE0-8295-4B4B-8230-811170360821}.Debug|Any CPU.ActiveCfg = Debug|Any CPU
		{967CFFE0-8295-4B4B-8230-811170360821}.Debug|Any CPU.Build.0 = Debug|Any CPU
		{967CFFE0-8295-4B4B-8230-811170360821}.Release|Any CPU.ActiveCfg = Release|Any CPU
		{967CFFE0-8295-4B4B-8230-811170360821}.Release|Any CPU.Build.0 = Release|Any CPU
	EndGlobalSection
	GlobalSection(SolutionProperties) = preSolution
		HideSolutionNode = FALSE
	EndGlobalSection
	GlobalSection(ExtensibilityGlobals) = postSolution
		SolutionGuid = {E76C0443-6B01-4A2B-851E-DF45EAA53A76}
	EndGlobalSection
EndGlobal
